
Microsoft Visual Studio Solution File, Format Version 12.00
# Visual Studio Version 17
VisualStudioVersion = 17.14.36212.18
MinimumVisualStudioVersion = 10.0.40219.1
Project("{FAE04EC0-301F-11D3-BF4B-00C04F79EFBC}") = "Console", "Console\Console.csproj", "{8449DAE9-3A04-4B45-AC92-22430DBBEC3C}"
EndProject
Project("{FAE04EC0-301F-11D3-BF4B-00C04F79EFBC}") = "MVC", "MVC\MVC.csproj", "{531FC3D8-367A-417E-971C-C1EF95B839B8}"
EndProject
Project("{FAE04EC0-301F-11D3-BF4B-00C04F79EFBC}") = "EF", "EF\EF.csproj", "{709E426C-B413-4037-BFFA-089908B1AF60}"
EndProject
Global
	GlobalSection(SolutionConfigurationPlatforms) = preSolution
		Debug|Any CPU = Debug|Any CPU
		Release|Any CPU = Release|Any CPU
	EndGlobalSection
	GlobalSection(ProjectConfigurationPlatforms) = postSolution
		{8449DAE9-3A04-4B45-AC92-22430DBBEC3C}.Debug|Any CPU.ActiveCfg = Debug|Any CPU
		{8449DAE9-3A04-4B45-AC92-22430DBBEC3C}.Debug|Any CPU.Build.0 = Debug|Any CPU
		{8449DAE9-3A04-4B45-AC92-22430DBBEC3C}.Release|Any CPU.ActiveCfg = Release|Any CPU
		{8449DAE9-3A04-4B45-AC92-22430DBBEC3C}.Release|Any CPU.Build.0 = Release|Any CPU
		{531FC3D8-367A-417E-971C-C1EF95B839B8}.Debug|Any CPU.ActiveCfg = Debug|Any CPU
		{531FC3D8-367A-417E-971C-C1EF95B839B8}.Debug|Any CPU.Build.0 = Debug|Any CPU
		{531FC3D8-367A-417E-971C-C1EF95B839B8}.Release|Any CPU.ActiveCfg = Release|Any CPU
		{531FC3D8-367A-417E-971C-C1EF95B839B8}.Release|Any CPU.Build.0 = Release|Any CPU
		{709E426C-B413-4037-BFFA-089908B1AF60}.Debug|Any CPU.ActiveCfg = Debug|Any CPU
		{709E426C-B413-4037-BFFA-089908B1AF60}.Debug|Any CPU.Build.0 = Debug|Any CPU
		{709E426C-B413-4037-BFFA-089908B1AF60}.Release|Any CPU.ActiveCfg = Release|Any CPU
		{709E426C-B413-4037-BFFA-089908B1AF60}.Release|Any CPU.Build.0 = Release|Any CPU
	EndGlobalSection
	GlobalSection(SolutionProperties) = preSolution
		HideSolutionNode = FALSE
	EndGlobalSection
	GlobalSection(ExtensibilityGlobals) = postSolution
		SolutionGuid = {08A0F869-2C1B-4FEF-A640-6082E8602B58}
	EndGlobalSection
EndGlobal
