
Microsoft Visual Studio Solution File, Format Version 12.00
# Visual Studio Version 17
VisualStudioVersion = 17.14.36327.8 d17.14
MinimumVisualStudioVersion = 10.0.40219.1
Project("{FAE04EC0-301F-11D3-BF4B-00C04F79EFBC}") = "CP2", "CP2.csproj", "{CCB9E90D-4BF1-40D2-AB62-1FF4A8CDA7E9}"
EndProject
Global
	GlobalSection(SolutionConfigurationPlatforms) = preSolution
		Debug|Any CPU = Debug|Any CPU
		Release|Any CPU = Release|Any CPU
	EndGlobalSection
	GlobalSection(ProjectConfigurationPlatforms) = postSolution
		{CCB9E90D-4BF1-40D2-AB62-1FF4A8CDA7E9}.Debug|Any CPU.ActiveCfg = Debug|Any CPU
		{CCB9E90D-4BF1-40D2-AB62-1FF4A8CDA7E9}.Debug|Any CPU.Build.0 = Debug|Any CPU
		{CCB9E90D-4BF1-40D2-AB62-1FF4A8CDA7E9}.Release|Any CPU.ActiveCfg = Release|Any CPU
		{CCB9E90D-4BF1-40D2-AB62-1FF4A8CDA7E9}.Release|Any CPU.Build.0 = Release|Any CPU
	EndGlobalSection
	GlobalSection(SolutionProperties) = preSolution
		HideSolutionNode = FALSE
	EndGlobalSection
	GlobalSection(ExtensibilityGlobals) = postSolution
		SolutionGuid = {23A604A4-C32D-48DD-99A9-4E79E58CDD8F}
	EndGlobalSection
EndGlobal
