
Microsoft Visual Studio Solution File, Format Version 12.00
# Visual Studio Version 17
VisualStudioVersion = 17.14.36301.6 d17.14
MinimumVisualStudioVersion = 10.0.40219.1
Project("{FAE04EC0-301F-11D3-BF4B-00C04F79EFBC}") = "MvcFilters", "MvcFilters.csproj", "{A5AE03B8-C844-4970-943F-242E04CD094A}"
EndProject
Global
	GlobalSection(SolutionConfigurationPlatforms) = preSolution
		Debug|Any CPU = Debug|Any CPU
		Release|Any CPU = Release|Any CPU
	EndGlobalSection
	GlobalSection(ProjectConfigurationPlatforms) = postSolution
		{A5AE03B8-C844-4970-943F-242E04CD094A}.Debug|Any CPU.ActiveCfg = Debug|Any CPU
		{A5AE03B8-C844-4970-943F-242E04CD094A}.Debug|Any CPU.Build.0 = Debug|Any CPU
		{A5AE03B8-C844-4970-943F-242E04CD094A}.Release|Any CPU.ActiveCfg = Release|Any CPU
		{A5AE03B8-C844-4970-943F-242E04CD094A}.Release|Any CPU.Build.0 = Release|Any CPU
	EndGlobalSection
	GlobalSection(SolutionProperties) = preSolution
		HideSolutionNode = FALSE
	EndGlobalSection
	GlobalSection(ExtensibilityGlobals) = postSolution
		SolutionGuid = {071033C6-626C-4380-91E4-657C7469422F}
	EndGlobalSection
EndGlobal
